// !$*UTF8*$!
{
	archiveVersion = 1;
	classes = {
	};
	objectVersion = 46;
	objects = {

/* Begin PBXBuildFile section */
		4F3398111D511D2200071A75 /* AppDelegate.swift in Sources */ = {isa = PBXBuildFile; fileRef = 4F3398101D511D2200071A75 /* AppDelegate.swift */; };
		4F3398131D511D2200071A75 /* ViewController.swift in Sources */ = {isa = PBXBuildFile; fileRef = 4F3398121D511D2200071A75 /* ViewController.swift */; };
		4F3398161D511D2200071A75 /* Main.storyboard in Resources */ = {isa = PBXBuildFile; fileRef = 4F3398141D511D2200071A75 /* Main.storyboard */; };
		4F3398181D511D2200071A75 /* Assets.xcassets in Resources */ = {isa = PBXBuildFile; fileRef = 4F3398171D511D2200071A75 /* Assets.xcassets */; };
		4F33981B1D511D2200071A75 /* LaunchScreen.storyboard in Resources */ = {isa = PBXBuildFile; fileRef = 4F3398191D511D2200071A75 /* LaunchScreen.storyboard */; };
/* End PBXBuildFile section */

/* Begin PBXFileReference section */
		4F33980D1D511D2200071A75 /* DevChat.app */ = {isa = PBXFileReference; explicitFileType = wrapper.application; includeInIndex = 0; path = DevChat.app; sourceTree = BUILT_PRODUCTS_DIR; };
		4F3398101D511D2200071A75 /* AppDelegate.swift */ = {isa = PBXFileReference; lastKnownFileType = sourcecode.swift; path = AppDelegate.swift; sourceTree = "<group>"; };
		4F3398121D511D2200071A75 /* ViewController.swift */ = {isa = PBXFileReference; lastKnownFileType = sourcecode.swift; path = ViewController.swift; sourceTree = "<group>"; };
		4F3398151D511D2200071A75 /* Base */ = {isa = PBXFileReference; lastKnownFileType = file.storyboard; name = Base; path = Base.lproj/Main.storyboard; sourceTree = "<group>"; };
		4F3398171D511D2200071A75 /* Assets.xcassets */ = {isa = PBXFileReference; lastKnownFileType = folder.assetcatalog; path = Assets.xcassets; sourceTree = "<group>"; };
		4F33981A1D511D2200071A75 /* Base */ = {isa = PBXFileReference; lastKnownFileType = file.storyboard; name = Base; path = Base.lproj/LaunchScreen.storyboard; sourceTree = "<group>"; };
		4F33981C1D511D2200071A75 /* Info.plist */ = {isa = PBXFileReference; lastKnownFileType = text.plist.xml; path = Info.plist; sourceTree = "<group>"; };
/* End PBXFileReference section */

/* Begin PBXFrameworksBuildPhase section */
		4F33980A1D511D2200071A75 /* Frameworks */ = {
			isa = PBXFrameworksBuildPhase;
			buildActionMask = 2147483647;
			files = (
			);
			runOnlyForDeploymentPostprocessing = 0;
		};
/* End PBXFrameworksBuildPhase section */

/* Begin PBXGroup section */
		4F3398041D511D2200071A75 = {
			isa = PBXGroup;
			children = (
				4F33980F1D511D2200071A75 /* DevChat */,
				4F33980E1D511D2200071A75 /* Products */,
			);
			sourceTree = "<group>";
		};
		4F33980E1D511D2200071A75 /* Products */ = {
			isa = PBXGroup;
			children = (
				4F33980D1D511D2200071A75 /* DevChat.app */,
			);
			name = Products;
			sourceTree = "<group>";
		};
		4F33980F1D511D2200071A75 /* DevChat */ = {
			isa = PBXGroup;
			children = (
				4F3398101D511D2200071A75 /* AppDelegate.swift */,
				4F3398121D511D2200071A75 /* ViewController.swift */,
				4F3398141D511D2200071A75 /* Main.storyboard */,
				4F3398171D511D2200071A75 /* Assets.xcassets */,
				4F3398191D511D2200071A75 /* LaunchScreen.storyboard */,
				4F33981C1D511D2200071A75 /* Info.plist */,
			);
			path = DevChat;
			sourceTree = "<group>";
		};
/* End PBXGroup section */

/* Begin PBXNativeTarget section */
		4F33980C1D511D2200071A75 /* DevChat */ = {
			isa = PBXNativeTarget;
			buildConfigurationList = 4F33981F1D511D2200071A75 /* Build configuration list for PBXNativeTarget "DevChat" */;
			buildPhases = (
				4F3398091D511D2200071A75 /* Sources */,
				4F33980A1D511D2200071A75 /* Frameworks */,
				4F33980B1D511D2200071A75 /* Resources */,
			);
			buildRules = (
			);
			dependencies = (
			);
			name = DevChat;
			productName = DevChat;
			productReference = 4F33980D1D511D2200071A75 /* DevChat.app */;
			productType = "com.apple.product-type.application";
		};
/* End PBXNativeTarget section */

/* Begin PBXProject section */
		4F3398051D511D2200071A75 /* Project object */ = {
			isa = PBXProject;
			attributes = {
				LastSwiftUpdateCheck = 0730;
				LastUpgradeCheck = 0730;
				ORGANIZATIONNAME = "Casting Workbook";
				TargetAttributes = {
					4F33980C1D511D2200071A75 = {
						CreatedOnToolsVersion = 7.3.1;
					};
				};
			};
			buildConfigurationList = 4F3398081D511D2200071A75 /* Build configuration list for PBXProject "DevChat" */;
			compatibilityVersion = "Xcode 3.2";
			developmentRegion = English;
			hasScannedForEncodings = 0;
			knownRegions = (
				en,
				Base,
			);
			mainGroup = 4F3398041D511D2200071A75;
			productRefGroup = 4F33980E1D511D2200071A75 /* Products */;
			projectDirPath = "";
			projectRoot = "";
			targets = (
				4F33980C1D511D2200071A75 /* DevChat */,
			);
		};
/* End PBXProject section */

/* Begin PBXResourcesBuildPhase section */
		4F33980B1D511D2200071A75 /* Resources */ = {
			isa = PBXResourcesBuildPhase;
			buildActionMask = 2147483647;
			files = (
				4F33981B1D511D2200071A75 /* LaunchScreen.storyboard in Resources */,
				4F3398181D511D2200071A75 /* Assets.xcassets in Resources */,
				4F3398161D511D2200071A75 /* Main.storyboard in Resources */,
			);
			runOnlyForDeploymentPostprocessing = 0;
		};
/* End PBXResourcesBuildPhase section */

/* Begin PBXSourcesBuildPhase section */
		4F3398091D511D2200071A75 /* Sources */ = {
			isa = PBXSourcesBuildPhase;
			buildActionMask = 2147483647;
			files = (
				4F3398131D511D2200071A75 /* ViewController.swift in Sources */,
				4F3398111D511D2200071A75 /* AppDelegate.swift in Sources */,
			);
			runOnlyForDeploymentPostprocessing = 0;
		};
/* End PBXSourcesBuildPhase section */

/* Begin PBXVariantGroup section */
		4F3398141D511D2200071A75 /* Main.storyboard */ = {
			isa = PBXVariantGroup;
			children = (
				4F3398151D511D2200071A75 /* Base */,
			);
			name = Main.storyboard;
			sourceTree = "<group>";
		};
		4F3398191D511D2200071A75 /* LaunchScreen.storyboard */ = {
			isa = PBXVariantGroup;
			children = (
				4F33981A1D511D2200071A75 /* Base */,
			);
			name = LaunchScreen.storyboard;
			sourceTree = "<group>";
		};
/* End PBXVariantGroup section */

/* Begin XCBuildConfiguration section */
		4F33981D1D511D2200071A75 /* Debug */ = {
			isa = XCBuildConfiguration;
			buildSettings = {
				ALWAYS_SEARCH_USER_PATHS = NO;
				CLANG_ANALYZER_NONNULL = YES;
				CLANG_CXX_LANGUAGE_STANDARD = "gnu++0x";
				CLANG_CXX_LIBRARY = "libc++";
				CLANG_ENABLE_MODULES = YES;
				CLANG_ENABLE_OBJC_ARC = YES;
				CLANG_WARN_BOOL_CONVERSION = YES;
				CLANG_WARN_CONSTANT_CONVERSION = YES;
				CLANG_WARN_DIRECT_OBJC_ISA_USAGE = YES_ERROR;
				CLANG_WARN_EMPTY_BODY = YES;
				CLANG_WARN_ENUM_CONVERSION = YES;
				CLANG_WARN_INT_CONVERSION = YES;
				CLANG_WARN_OBJC_ROOT_CLASS = YES_ERROR;
				CLANG_WARN_UNREACHABLE_CODE = YES;
				CLANG_WARN__DUPLICATE_METHOD_MATCH = YES;
				"CODE_SIGN_IDENTITY[sdk=iphoneos*]" = "iPhone Developer";
				COPY_PHASE_STRIP = NO;
				DEBUG_INFORMATION_FORMAT = dwarf;
				ENABLE_STRICT_OBJC_MSGSEND = YES;
				ENABLE_TESTABILITY = YES;
				GCC_C_LANGUAGE_STANDARD = gnu99;
				GCC_DYNAMIC_NO_PIC = NO;
				GCC_NO_COMMON_BLOCKS = YES;
				GCC_OPTIMIZATION_LEVEL = 0;
				GCC_PREPROCESSOR_DEFINITIONS = (
					"DEBUG=1",
					"$(inherited)",
				);
				GCC_WARN_64_TO_32_BIT_CONVERSION = YES;
				GCC_WARN_ABOUT_RETURN_TYPE = YES_ERROR;
				GCC_WARN_UNDECLARED_SELECTOR = YES;
				GCC_WARN_UNINITIALIZED_AUTOS = YES_AGGRESSIVE;
				GCC_WARN_UNUSED_FUNCTION = YES;
				GCC_WARN_UNUSED_VARIABLE = YES;
				IPHONEOS_DEPLOYMENT_TARGET = 9.3;
				MTL_ENABLE_DEBUG_INFO = YES;
				ONLY_ACTIVE_ARCH = YES;
				SDKROOT = iphoneos;
				SWIFT_OPTIMIZATION_LEVEL = "-Onone";
				TARGETED_DEVICE_FAMILY = "1,2";
			};
			name = Debug;
		};
		4F33981E1D511D2200071A75 /* Release */ = {
			isa = XCBuildConfiguration;
			buildSettings = {
				ALWAYS_SEARCH_USER_PATHS = NO;
				CLANG_ANALYZER_NONNULL = YES;
				CLANG_CXX_LANGUAGE_STANDARD = "gnu++0x";
				CLANG_CXX_LIBRARY = "libc++";
				CLANG_ENABLE_MODULES = YES;
				CLANG_ENABLE_OBJC_ARC = YES;
				CLANG_WARN_BOOL_CONVERSION = YES;
				CLANG_WARN_CONSTANT_CONVERSION = YES;
				CLANG_WARN_DIRECT_OBJC_ISA_USAGE = YES_ERROR;
				CLANG_WARN_EMPTY_BODY = YES;
				CLANG_WARN_ENUM_CONVERSION = YES;
				CLANG_WARN_INT_CONVERSION = YES;
				CLANG_WARN_OBJC_ROOT_CLASS = YES_ERROR;
				CLANG_WARN_UNREACHABLE_CODE = YES;
				CLANG_WARN__DUPLICATE_METHOD_MATCH = YES;
				"CODE_SIGN_IDENTITY[sdk=iphoneos*]" = "iPhone Developer";
				COPY_PHASE_STRIP = NO;
				DEBUG_INFORMATION_FORMAT = "dwarf-with-dsym";
				ENABLE_NS_ASSERTIONS = NO;
				ENABLE_STRICT_OBJC_MSGSEND = YES;
				GCC_C_LANGUAGE_STANDARD = gnu99;
				GCC_NO_COMMON_BLOCKS = YES;
				GCC_WARN_64_TO_32_BIT_CONVERSION = YES;
				GCC_WARN_ABOUT_RETURN_TYPE = YES_ERROR;
				GCC_WARN_UNDECLARED_SELECTOR = YES;
				GCC_WARN_UNINITIALIZED_AUTOS = YES_AGGRESSIVE;
				GCC_WARN_UNUSED_FUNCTION = YES;
				GCC_WARN_UNUSED_VARIABLE = YES;
				IPHONEOS_DEPLOYMENT_TARGET = 9.3;
				MTL_ENABLE_DEBUG_INFO = NO;
				SDKROOT = iphoneos;
				TARGETED_DEVICE_FAMILY = "1,2";
				VALIDATE_PRODUCT = YES;
			};
			name = Release;
		};
		4F3398201D511D2200071A75 /* Debug */ = {
			isa = XCBuildConfiguration;
			buildSettings = {
				ASSETCATALOG_COMPILER_APPICON_NAME = AppIcon;
				INFOPLIST_FILE = DevChat/Info.plist;
				LD_RUNPATH_SEARCH_PATHS = "$(inherited) @executable_path/Frameworks";
				PRODUCT_BUNDLE_IDENTIFIER = castingworkbook.DevChat;
				PRODUCT_NAME = "$(TARGET_NAME)";
			};
			name = Debug;
		};
		4F3398211D511D2200071A75 /* Release */ = {
			isa = XCBuildConfiguration;
			buildSettings = {
				ASSETCATALOG_COMPILER_APPICON_NAME = AppIcon;
				INFOPLIST_FILE = DevChat/Info.plist;
				LD_RUNPATH_SEARCH_PATHS = "$(inherited) @executable_path/Frameworks";
				PRODUCT_BUNDLE_IDENTIFIER = castingworkbook.DevChat;
				PRODUCT_NAME = "$(TARGET_NAME)";
			};
			name = Release;
		};
/* End XCBuildConfiguration section */

/* Begin XCConfigurationList section */
		4F3398081D511D2200071A75 /* Build configuration list for PBXProject "DevChat" */ = {
			isa = XCConfigurationList;
			buildConfigurations = (
				4F33981D1D511D2200071A75 /* Debug */,
				4F33981E1D511D2200071A75 /* Release */,
			);
			defaultConfigurationIsVisible = 0;
			defaultConfigurationName = Release;
		};
		4F33981F1D511D2200071A75 /* Build configuration list for PBXNativeTarget "DevChat" */ = {
			isa = XCConfigurationList;
			buildConfigurations = (
				4F3398201D511D2200071A75 /* Debug */,
				4F3398211D511D2200071A75 /* Release */,
			);
			defaultConfigurationIsVisible = 0;
		};
/* End XCConfigurationList section */
	};
	rootObject = 4F3398051D511D2200071A75 /* Project object */;
}
